
Microsoft Visual Studio Solution File, Format Version 12.00
# Visual Studio Version 17
VisualStudioVersion = 17.2.32519.379
MinimumVisualStudioVersion = 10.0.40219.1
Project("{FAE04EC0-301F-11D3-BF4B-00C04F79EFBC}") = "MSTestWithDocker", "MSTestWithDocker\MSTestWithDocker.csproj", "{26DAAB32-32EE-4A0E-9E74-1C0AE0920723}"
EndProject
Global
	GlobalSection(SolutionConfigurationPlatforms) = preSolution
		Debug|Any CPU = Debug|Any CPU
		Release|Any CPU = Release|Any CPU
	EndGlobalSection
	GlobalSection(ProjectConfigurationPlatforms) = postSolution
		{26DAAB32-32EE-4A0E-9E74-1C0AE0920723}.Debug|Any CPU.ActiveCfg = Debug|Any CPU
		{26DAAB32-32EE-4A0E-9E74-1C0AE0920723}.Debug|Any CPU.Build.0 = Debug|Any CPU
		{26DAAB32-32EE-4A0E-9E74-1C0AE0920723}.Release|Any CPU.ActiveCfg = Release|Any CPU
		{26DAAB32-32EE-4A0E-9E74-1C0AE0920723}.Release|Any CPU.Build.0 = Release|Any CPU
	EndGlobalSection
	GlobalSection(SolutionProperties) = preSolution
		HideSolutionNode = FALSE
	EndGlobalSection
	GlobalSection(ExtensibilityGlobals) = postSolution
		SolutionGuid = {9841B303-7350-482B-BFE0-50DC3DB3B697}
	EndGlobalSection
EndGlobal
